// !$*UTF8*$!
{
	archiveVersion = 1;
	classes = {
	};
	objectVersion = 48;
	objects = {

/* Begin PBXBuildFile section */
		8269E8BC201F191C002D540E /* ZXLDocumentUtils.h in Headers */ = {isa = PBXBuildFile; fileRef = 8269E8BA201F191C002D540E /* ZXLDocumentUtils.h */; };
		8269E8BD201F191C002D540E /* ZXLDocumentUtils.m in Sources */ = {isa = PBXBuildFile; fileRef = 8269E8BB201F191C002D540E /* ZXLDocumentUtils.m */; };
		8269E8C0201F25C3002D540E /* ZXLFileUtils.h in Headers */ = {isa = PBXBuildFile; fileRef = 8269E8BE201F25C3002D540E /* ZXLFileUtils.h */; };
		8269E8C1201F25C3002D540E /* ZXLFileUtils.m in Sources */ = {isa = PBXBuildFile; fileRef = 8269E8BF201F25C3002D540E /* ZXLFileUtils.m */; };
		8285F695201C196600D0F682 /* ZXLUpload.h in Headers */ = {isa = PBXBuildFile; fileRef = 8285F693201C196600D0F682 /* ZXLUpload.h */; settings = {ATTRIBUTES = (Public, ); }; };
		8285F69D201C1A0700D0F682 /* ZXLUploadFileResultCenter.h in Headers */ = {isa = PBXBuildFile; fileRef = 8285F69B201C1A0700D0F682 /* ZXLUploadFileResultCenter.h */; };
		8285F69E201C1A0700D0F682 /* ZXLUploadFileResultCenter.m in Sources */ = {isa = PBXBuildFile; fileRef = 8285F69C201C1A0700D0F682 /* ZXLUploadFileResultCenter.m */; };
		8285F6A1201C1A4A00D0F682 /* ZXLFileInfoModel.h in Headers */ = {isa = PBXBuildFile; fileRef = 8285F69F201C1A4A00D0F682 /* ZXLFileInfoModel.h */; };
		8285F6A2201C1A4A00D0F682 /* ZXLFileInfoModel.m in Sources */ = {isa = PBXBuildFile; fileRef = 8285F6A0201C1A4A00D0F682 /* ZXLFileInfoModel.m */; };
		8285F6A9201C1A9D00D0F682 /* ZXLTaskInfoModel.h in Headers */ = {isa = PBXBuildFile; fileRef = 8285F6A7201C1A9D00D0F682 /* ZXLTaskInfoModel.h */; };
		8285F6AA201C1A9D00D0F682 /* ZXLTaskInfoModel.m in Sources */ = {isa = PBXBuildFile; fileRef = 8285F6A8201C1A9D00D0F682 /* ZXLTaskInfoModel.m */; };
		828A67932021B58D0094CA92 /* ZXLVideoUtils.h in Headers */ = {isa = PBXBuildFile; fileRef = 828A67912021B58D0094CA92 /* ZXLVideoUtils.h */; };
		828A67942021B58D0094CA92 /* ZXLVideoUtils.m in Sources */ = {isa = PBXBuildFile; fileRef = 828A67922021B58D0094CA92 /* ZXLVideoUtils.m */; };
		828A679A202458990094CA92 /* ZXLUploadTaskManager.h in Headers */ = {isa = PBXBuildFile; fileRef = 828A6798202458990094CA92 /* ZXLUploadTaskManager.h */; };
		828A679B202458990094CA92 /* ZXLUploadTaskManager.m in Sources */ = {isa = PBXBuildFile; fileRef = 828A6799202458990094CA92 /* ZXLUploadTaskManager.m */; };
		828A679E2024595F0094CA92 /* ZXLUploadFileManager.h in Headers */ = {isa = PBXBuildFile; fileRef = 828A679C2024595F0094CA92 /* ZXLUploadFileManager.h */; };
		828A679F2024595F0094CA92 /* ZXLUploadFileManager.m in Sources */ = {isa = PBXBuildFile; fileRef = 828A679D2024595F0094CA92 /* ZXLUploadFileManager.m */; };
/* End PBXBuildFile section */

/* Begin PBXFileReference section */
		8269E8BA201F191C002D540E /* ZXLDocumentUtils.h */ = {isa = PBXFileReference; lastKnownFileType = sourcecode.c.h; path = ZXLDocumentUtils.h; sourceTree = "<group>"; };
		8269E8BB201F191C002D540E /* ZXLDocumentUtils.m */ = {isa = PBXFileReference; lastKnownFileType = sourcecode.c.objc; path = ZXLDocumentUtils.m; sourceTree = "<group>"; };
		8269E8BE201F25C3002D540E /* ZXLFileUtils.h */ = {isa = PBXFileReference; lastKnownFileType = sourcecode.c.h; path = ZXLFileUtils.h; sourceTree = "<group>"; };
		8269E8BF201F25C3002D540E /* ZXLFileUtils.m */ = {isa = PBXFileReference; lastKnownFileType = sourcecode.c.objc; path = ZXLFileUtils.m; sourceTree = "<group>"; };
		8285F690201C196600D0F682 /* ZXLUpload.framework */ = {isa = PBXFileReference; explicitFileType = wrapper.framework; includeInIndex = 0; path = ZXLUpload.framework; sourceTree = BUILT_PRODUCTS_DIR; };
		8285F693201C196600D0F682 /* ZXLUpload.h */ = {isa = PBXFileReference; lastKnownFileType = sourcecode.c.h; path = ZXLUpload.h; sourceTree = "<group>"; };
		8285F694201C196600D0F682 /* Info.plist */ = {isa = PBXFileReference; lastKnownFileType = text.plist.xml; path = Info.plist; sourceTree = "<group>"; };
		8285F69B201C1A0700D0F682 /* ZXLUploadFileResultCenter.h */ = {isa = PBXFileReference; lastKnownFileType = sourcecode.c.h; path = ZXLUploadFileResultCenter.h; sourceTree = "<group>"; };
		8285F69C201C1A0700D0F682 /* ZXLUploadFileResultCenter.m */ = {isa = PBXFileReference; lastKnownFileType = sourcecode.c.objc; path = ZXLUploadFileResultCenter.m; sourceTree = "<group>"; };
		8285F69F201C1A4A00D0F682 /* ZXLFileInfoModel.h */ = {isa = PBXFileReference; lastKnownFileType = sourcecode.c.h; path = ZXLFileInfoModel.h; sourceTree = "<group>"; };
		8285F6A0201C1A4A00D0F682 /* ZXLFileInfoModel.m */ = {isa = PBXFileReference; lastKnownFileType = sourcecode.c.objc; path = ZXLFileInfoModel.m; sourceTree = "<group>"; };
		8285F6A7201C1A9D00D0F682 /* ZXLTaskInfoModel.h */ = {isa = PBXFileReference; lastKnownFileType = sourcecode.c.h; path = ZXLTaskInfoModel.h; sourceTree = "<group>"; };
		8285F6A8201C1A9D00D0F682 /* ZXLTaskInfoModel.m */ = {isa = PBXFileReference; lastKnownFileType = sourcecode.c.objc; path = ZXLTaskInfoModel.m; sourceTree = "<group>"; };
		828A67912021B58D0094CA92 /* ZXLVideoUtils.h */ = {isa = PBXFileReference; lastKnownFileType = sourcecode.c.h; path = ZXLVideoUtils.h; sourceTree = "<group>"; };
		828A67922021B58D0094CA92 /* ZXLVideoUtils.m */ = {isa = PBXFileReference; lastKnownFileType = sourcecode.c.objc; path = ZXLVideoUtils.m; sourceTree = "<group>"; };
		828A6798202458990094CA92 /* ZXLUploadTaskManager.h */ = {isa = PBXFileReference; lastKnownFileType = sourcecode.c.h; path = ZXLUploadTaskManager.h; sourceTree = "<group>"; };
		828A6799202458990094CA92 /* ZXLUploadTaskManager.m */ = {isa = PBXFileReference; lastKnownFileType = sourcecode.c.objc; path = ZXLUploadTaskManager.m; sourceTree = "<group>"; };
		828A679C2024595F0094CA92 /* ZXLUploadFileManager.h */ = {isa = PBXFileReference; lastKnownFileType = sourcecode.c.h; path = ZXLUploadFileManager.h; sourceTree = "<group>"; };
		828A679D2024595F0094CA92 /* ZXLUploadFileManager.m */ = {isa = PBXFileReference; lastKnownFileType = sourcecode.c.objc; path = ZXLUploadFileManager.m; sourceTree = "<group>"; };
/* End PBXFileReference section */

/* Begin PBXFrameworksBuildPhase section */
		8285F68C201C196600D0F682 /* Frameworks */ = {
			isa = PBXFrameworksBuildPhase;
			buildActionMask = 2147483647;
			files = (
			);
			runOnlyForDeploymentPostprocessing = 0;
		};
/* End PBXFrameworksBuildPhase section */

/* Begin PBXGroup section */
		8285F686201C196600D0F682 = {
			isa = PBXGroup;
			children = (
				8285F692201C196600D0F682 /* ZXLUpload */,
				8285F691201C196600D0F682 /* Products */,
			);
			sourceTree = "<group>";
		};
		8285F691201C196600D0F682 /* Products */ = {
			isa = PBXGroup;
			children = (
				8285F690201C196600D0F682 /* ZXLUpload.framework */,
			);
			name = Products;
			sourceTree = "<group>";
		};
		8285F692201C196600D0F682 /* ZXLUpload */ = {
			isa = PBXGroup;
			children = (
				8285F693201C196600D0F682 /* ZXLUpload.h */,
				8269E8BE201F25C3002D540E /* ZXLFileUtils.h */,
				8269E8BF201F25C3002D540E /* ZXLFileUtils.m */,
				828A67912021B58D0094CA92 /* ZXLVideoUtils.h */,
				828A67922021B58D0094CA92 /* ZXLVideoUtils.m */,
				8269E8BA201F191C002D540E /* ZXLDocumentUtils.h */,
				8269E8BB201F191C002D540E /* ZXLDocumentUtils.m */,
				8285F69B201C1A0700D0F682 /* ZXLUploadFileResultCenter.h */,
				8285F69C201C1A0700D0F682 /* ZXLUploadFileResultCenter.m */,
				8285F69F201C1A4A00D0F682 /* ZXLFileInfoModel.h */,
				8285F6A0201C1A4A00D0F682 /* ZXLFileInfoModel.m */,
				8285F6A7201C1A9D00D0F682 /* ZXLTaskInfoModel.h */,
				8285F6A8201C1A9D00D0F682 /* ZXLTaskInfoModel.m */,
				828A6798202458990094CA92 /* ZXLUploadTaskManager.h */,
				828A6799202458990094CA92 /* ZXLUploadTaskManager.m */,
				828A679C2024595F0094CA92 /* ZXLUploadFileManager.h */,
				828A679D2024595F0094CA92 /* ZXLUploadFileManager.m */,
				8285F694201C196600D0F682 /* Info.plist */,
			);
			path = ZXLUpload;
			sourceTree = "<group>";
		};
/* End PBXGroup section */

/* Begin PBXHeadersBuildPhase section */
		8285F68D201C196600D0F682 /* Headers */ = {
			isa = PBXHeadersBuildPhase;
			buildActionMask = 2147483647;
			files = (
				8269E8C0201F25C3002D540E /* ZXLFileUtils.h in Headers */,
				8285F69D201C1A0700D0F682 /* ZXLUploadFileResultCenter.h in Headers */,
				828A679A202458990094CA92 /* ZXLUploadTaskManager.h in Headers */,
				8285F695201C196600D0F682 /* ZXLUpload.h in Headers */,
				828A679E2024595F0094CA92 /* ZXLUploadFileManager.h in Headers */,
				8285F6A9201C1A9D00D0F682 /* ZXLTaskInfoModel.h in Headers */,
				828A67932021B58D0094CA92 /* ZXLVideoUtils.h in Headers */,
				8269E8BC201F191C002D540E /* ZXLDocumentUtils.h in Headers */,
				8285F6A1201C1A4A00D0F682 /* ZXLFileInfoModel.h in Headers */,
			);
			runOnlyForDeploymentPostprocessing = 0;
		};
/* End PBXHeadersBuildPhase section */

/* Begin PBXNativeTarget section */
		8285F68F201C196600D0F682 /* ZXLUpload */ = {
			isa = PBXNativeTarget;
			buildConfigurationList = 8285F698201C196600D0F682 /* Build configuration list for PBXNativeTarget "ZXLUpload" */;
			buildPhases = (
				8285F68B201C196600D0F682 /* Sources */,
				8285F68C201C196600D0F682 /* Frameworks */,
				8285F68D201C196600D0F682 /* Headers */,
				8285F68E201C196600D0F682 /* Resources */,
			);
			buildRules = (
			);
			dependencies = (
			);
			name = ZXLUpload;
			productName = ZXLUpload;
			productReference = 8285F690201C196600D0F682 /* ZXLUpload.framework */;
			productType = "com.apple.product-type.framework";
		};
/* End PBXNativeTarget section */

/* Begin PBXProject section */
		8285F687201C196600D0F682 /* Project object */ = {
			isa = PBXProject;
			attributes = {
				LastUpgradeCheck = 0920;
				ORGANIZATIONNAME = "张小龙";
				TargetAttributes = {
					8285F68F201C196600D0F682 = {
						CreatedOnToolsVersion = 9.2;
						ProvisioningStyle = Automatic;
					};
				};
			};
			buildConfigurationList = 8285F68A201C196600D0F682 /* Build configuration list for PBXProject "ZXLUpload" */;
			compatibilityVersion = "Xcode 8.0";
			developmentRegion = en;
			hasScannedForEncodings = 0;
			knownRegions = (
				en,
			);
			mainGroup = 8285F686201C196600D0F682;
			productRefGroup = 8285F691201C196600D0F682 /* Products */;
			projectDirPath = "";
			projectRoot = "";
			targets = (
				8285F68F201C196600D0F682 /* ZXLUpload */,
			);
		};
/* End PBXProject section */

/* Begin PBXResourcesBuildPhase section */
		8285F68E201C196600D0F682 /* Resources */ = {
			isa = PBXResourcesBuildPhase;
			buildActionMask = 2147483647;
			files = (
			);
			runOnlyForDeploymentPostprocessing = 0;
		};
/* End PBXResourcesBuildPhase section */

/* Begin PBXSourcesBuildPhase section */
		8285F68B201C196600D0F682 /* Sources */ = {
			isa = PBXSourcesBuildPhase;
			buildActionMask = 2147483647;
			files = (
				828A67942021B58D0094CA92 /* ZXLVideoUtils.m in Sources */,
				828A679B202458990094CA92 /* ZXLUploadTaskManager.m in Sources */,
				8269E8C1201F25C3002D540E /* ZXLFileUtils.m in Sources */,
				8269E8BD201F191C002D540E /* ZXLDocumentUtils.m in Sources */,
				8285F6A2201C1A4A00D0F682 /* ZXLFileInfoModel.m in Sources */,
				8285F69E201C1A0700D0F682 /* ZXLUploadFileResultCenter.m in Sources */,
				8285F6AA201C1A9D00D0F682 /* ZXLTaskInfoModel.m in Sources */,
				828A679F2024595F0094CA92 /* ZXLUploadFileManager.m in Sources */,
			);
			runOnlyForDeploymentPostprocessing = 0;
		};
/* End PBXSourcesBuildPhase section */

/* Begin XCBuildConfiguration section */
		8285F696201C196600D0F682 /* Debug */ = {
			isa = XCBuildConfiguration;
			buildSettings = {
				ALWAYS_SEARCH_USER_PATHS = NO;
				CLANG_ANALYZER_NONNULL = YES;
				CLANG_ANALYZER_NUMBER_OBJECT_CONVERSION = YES_AGGRESSIVE;
				CLANG_CXX_LANGUAGE_STANDARD = "gnu++14";
				CLANG_CXX_LIBRARY = "libc++";
				CLANG_ENABLE_MODULES = YES;
				CLANG_ENABLE_OBJC_ARC = YES;
				CLANG_WARN_BLOCK_CAPTURE_AUTORELEASING = YES;
				CLANG_WARN_BOOL_CONVERSION = YES;
				CLANG_WARN_COMMA = YES;
				CLANG_WARN_CONSTANT_CONVERSION = YES;
				CLANG_WARN_DIRECT_OBJC_ISA_USAGE = YES_ERROR;
				CLANG_WARN_DOCUMENTATION_COMMENTS = YES;
				CLANG_WARN_EMPTY_BODY = YES;
				CLANG_WARN_ENUM_CONVERSION = YES;
				CLANG_WARN_INFINITE_RECURSION = YES;
				CLANG_WARN_INT_CONVERSION = YES;
				CLANG_WARN_NON_LITERAL_NULL_CONVERSION = YES;
				CLANG_WARN_OBJC_LITERAL_CONVERSION = YES;
				CLANG_WARN_OBJC_ROOT_CLASS = YES_ERROR;
				CLANG_WARN_RANGE_LOOP_ANALYSIS = YES;
				CLANG_WARN_STRICT_PROTOTYPES = YES;
				CLANG_WARN_SUSPICIOUS_MOVE = YES;
				CLANG_WARN_UNGUARDED_AVAILABILITY = YES_AGGRESSIVE;
				CLANG_WARN_UNREACHABLE_CODE = YES;
				CLANG_WARN__DUPLICATE_METHOD_MATCH = YES;
				CODE_SIGN_IDENTITY = "iPhone Developer";
				COPY_PHASE_STRIP = NO;
				CURRENT_PROJECT_VERSION = 1;
				DEBUG_INFORMATION_FORMAT = dwarf;
				ENABLE_STRICT_OBJC_MSGSEND = YES;
				ENABLE_TESTABILITY = YES;
				GCC_C_LANGUAGE_STANDARD = gnu11;
				GCC_DYNAMIC_NO_PIC = NO;
				GCC_NO_COMMON_BLOCKS = YES;
				GCC_OPTIMIZATION_LEVEL = 0;
				GCC_PREPROCESSOR_DEFINITIONS = (
					"DEBUG=1",
					"$(inherited)",
				);
				GCC_WARN_64_TO_32_BIT_CONVERSION = YES;
				GCC_WARN_ABOUT_RETURN_TYPE = YES_ERROR;
				GCC_WARN_UNDECLARED_SELECTOR = YES;
				GCC_WARN_UNINITIALIZED_AUTOS = YES_AGGRESSIVE;
				GCC_WARN_UNUSED_FUNCTION = YES;
				GCC_WARN_UNUSED_VARIABLE = YES;
				IPHONEOS_DEPLOYMENT_TARGET = 11.2;
				MTL_ENABLE_DEBUG_INFO = YES;
				ONLY_ACTIVE_ARCH = YES;
				SDKROOT = iphoneos;
				VERSIONING_SYSTEM = "apple-generic";
				VERSION_INFO_PREFIX = "";
			};
			name = Debug;
		};
		8285F697201C196600D0F682 /* Release */ = {
			isa = XCBuildConfiguration;
			buildSettings = {
				ALWAYS_SEARCH_USER_PATHS = NO;
				CLANG_ANALYZER_NONNULL = YES;
				CLANG_ANALYZER_NUMBER_OBJECT_CONVERSION = YES_AGGRESSIVE;
				CLANG_CXX_LANGUAGE_STANDARD = "gnu++14";
				CLANG_CXX_LIBRARY = "libc++";
				CLANG_ENABLE_MODULES = YES;
				CLANG_ENABLE_OBJC_ARC = YES;
				CLANG_WARN_BLOCK_CAPTURE_AUTORELEASING = YES;
				CLANG_WARN_BOOL_CONVERSION = YES;
				CLANG_WARN_COMMA = YES;
				CLANG_WARN_CONSTANT_CONVERSION = YES;
				CLANG_WARN_DIRECT_OBJC_ISA_USAGE = YES_ERROR;
				CLANG_WARN_DOCUMENTATION_COMMENTS = YES;
				CLANG_WARN_EMPTY_BODY = YES;
				CLANG_WARN_ENUM_CONVERSION = YES;
				CLANG_WARN_INFINITE_RECURSION = YES;
				CLANG_WARN_INT_CONVERSION = YES;
				CLANG_WARN_NON_LITERAL_NULL_CONVERSION = YES;
				CLANG_WARN_OBJC_LITERAL_CONVERSION = YES;
				CLANG_WARN_OBJC_ROOT_CLASS = YES_ERROR;
				CLANG_WARN_RANGE_LOOP_ANALYSIS = YES;
				CLANG_WARN_STRICT_PROTOTYPES = YES;
				CLANG_WARN_SUSPICIOUS_MOVE = YES;
				CLANG_WARN_UNGUARDED_AVAILABILITY = YES_AGGRESSIVE;
				CLANG_WARN_UNREACHABLE_CODE = YES;
				CLANG_WARN__DUPLICATE_METHOD_MATCH = YES;
				CODE_SIGN_IDENTITY = "iPhone Developer";
				COPY_PHASE_STRIP = NO;
				CURRENT_PROJECT_VERSION = 1;
				DEBUG_INFORMATION_FORMAT = "dwarf-with-dsym";
				ENABLE_NS_ASSERTIONS = NO;
				ENABLE_STRICT_OBJC_MSGSEND = YES;
				GCC_C_LANGUAGE_STANDARD = gnu11;
				GCC_NO_COMMON_BLOCKS = YES;
				GCC_WARN_64_TO_32_BIT_CONVERSION = YES;
				GCC_WARN_ABOUT_RETURN_TYPE = YES_ERROR;
				GCC_WARN_UNDECLARED_SELECTOR = YES;
				GCC_WARN_UNINITIALIZED_AUTOS = YES_AGGRESSIVE;
				GCC_WARN_UNUSED_FUNCTION = YES;
				GCC_WARN_UNUSED_VARIABLE = YES;
				IPHONEOS_DEPLOYMENT_TARGET = 11.2;
				MTL_ENABLE_DEBUG_INFO = NO;
				SDKROOT = iphoneos;
				VALIDATE_PRODUCT = YES;
				VERSIONING_SYSTEM = "apple-generic";
				VERSION_INFO_PREFIX = "";
			};
			name = Release;
		};
		8285F699201C196600D0F682 /* Debug */ = {
			isa = XCBuildConfiguration;
			buildSettings = {
				CODE_SIGN_IDENTITY = "";
				CODE_SIGN_STYLE = Automatic;
				DEFINES_MODULE = YES;
				DEVELOPMENT_TEAM = 3EZVVYFZCE;
				DYLIB_COMPATIBILITY_VERSION = 1;
				DYLIB_CURRENT_VERSION = 1;
				DYLIB_INSTALL_NAME_BASE = "@rpath";
				INFOPLIST_FILE = ZXLUpload/Info.plist;
				INSTALL_PATH = "$(LOCAL_LIBRARY_DIR)/Frameworks";
				IPHONEOS_DEPLOYMENT_TARGET = 8.0;
				LD_RUNPATH_SEARCH_PATHS = "$(inherited) @executable_path/Frameworks @loader_path/Frameworks";
				PRODUCT_BUNDLE_IDENTIFIER = com.jlb.tool.ZXLUpload;
				PRODUCT_NAME = "$(TARGET_NAME:c99extidentifier)";
				SKIP_INSTALL = YES;
				TARGETED_DEVICE_FAMILY = "1,2";
			};
			name = Debug;
		};
		8285F69A201C196600D0F682 /* Release */ = {
			isa = XCBuildConfiguration;
			buildSettings = {
				CODE_SIGN_IDENTITY = "";
				CODE_SIGN_STYLE = Automatic;
				DEFINES_MODULE = YES;
				DEVELOPMENT_TEAM = 3EZVVYFZCE;
				DYLIB_COMPATIBILITY_VERSION = 1;
				DYLIB_CURRENT_VERSION = 1;
				DYLIB_INSTALL_NAME_BASE = "@rpath";
				INFOPLIST_FILE = ZXLUpload/Info.plist;
				INSTALL_PATH = "$(LOCAL_LIBRARY_DIR)/Frameworks";
				IPHONEOS_DEPLOYMENT_TARGET = 8.0;
				LD_RUNPATH_SEARCH_PATHS = "$(inherited) @executable_path/Frameworks @loader_path/Frameworks";
				PRODUCT_BUNDLE_IDENTIFIER = com.jlb.tool.ZXLUpload;
				PRODUCT_NAME = "$(TARGET_NAME:c99extidentifier)";
				SKIP_INSTALL = YES;
				TARGETED_DEVICE_FAMILY = "1,2";
			};
			name = Release;
		};
/* End XCBuildConfiguration section */

/* Begin XCConfigurationList section */
		8285F68A201C196600D0F682 /* Build configuration list for PBXProject "ZXLUpload" */ = {
			isa = XCConfigurationList;
			buildConfigurations = (
				8285F696201C196600D0F682 /* Debug */,
				8285F697201C196600D0F682 /* Release */,
			);
			defaultConfigurationIsVisible = 0;
			defaultConfigurationName = Release;
		};
		8285F698201C196600D0F682 /* Build configuration list for PBXNativeTarget "ZXLUpload" */ = {
			isa = XCConfigurationList;
			buildConfigurations = (
				8285F699201C196600D0F682 /* Debug */,
				8285F69A201C196600D0F682 /* Release */,
			);
			defaultConfigurationIsVisible = 0;
			defaultConfigurationName = Release;
		};
/* End XCConfigurationList section */
	};
	rootObject = 8285F687201C196600D0F682 /* Project object */;
}
