// !$*UTF8*$!
{
	archiveVersion = 1;
	classes = {
	};
	objectVersion = 48;
	objects = {

/* Begin PBXBuildFile section */
		825B607B20898BD800DD88F0 /* FMDB.framework in Frameworks */ = {isa = PBXBuildFile; fileRef = 825B607A20898BD800DD88F0 /* FMDB.framework */; };
		825B607E20898CF100DD88F0 /* ZXLUploadFmdb.h in Headers */ = {isa = PBXBuildFile; fileRef = 825B607C20898CF100DD88F0 /* ZXLUploadFmdb.h */; settings = {ATTRIBUTES = (Public, ); }; };
		825B607F20898CF100DD88F0 /* ZXLUploadFmdb.m in Sources */ = {isa = PBXBuildFile; fileRef = 825B607D20898CF100DD88F0 /* ZXLUploadFmdb.m */; };
		8269E8BC201F191C002D540E /* ZXLDocumentUtils.h in Headers */ = {isa = PBXBuildFile; fileRef = 8269E8BA201F191C002D540E /* ZXLDocumentUtils.h */; settings = {ATTRIBUTES = (Public, ); }; };
		8269E8BD201F191C002D540E /* ZXLDocumentUtils.m in Sources */ = {isa = PBXBuildFile; fileRef = 8269E8BB201F191C002D540E /* ZXLDocumentUtils.m */; };
		8269E8C0201F25C3002D540E /* ZXLFileUtils.h in Headers */ = {isa = PBXBuildFile; fileRef = 8269E8BE201F25C3002D540E /* ZXLFileUtils.h */; settings = {ATTRIBUTES = (Public, ); }; };
		8269E8C1201F25C3002D540E /* ZXLFileUtils.m in Sources */ = {isa = PBXBuildFile; fileRef = 8269E8BF201F25C3002D540E /* ZXLFileUtils.m */; };
		828504E4207E063200C754B0 /* ZXLUploadDefine.h in Headers */ = {isa = PBXBuildFile; fileRef = 828A67A02024764D0094CA92 /* ZXLUploadDefine.h */; settings = {ATTRIBUTES = (Public, ); }; };
		8285F695201C196600D0F682 /* ZXLUpload.h in Headers */ = {isa = PBXBuildFile; fileRef = 8285F693201C196600D0F682 /* ZXLUpload.h */; settings = {ATTRIBUTES = (Public, ); }; };
		8285F69D201C1A0700D0F682 /* ZXLUploadFileResultCenter.h in Headers */ = {isa = PBXBuildFile; fileRef = 8285F69B201C1A0700D0F682 /* ZXLUploadFileResultCenter.h */; settings = {ATTRIBUTES = (Public, ); }; };
		8285F69E201C1A0700D0F682 /* ZXLUploadFileResultCenter.m in Sources */ = {isa = PBXBuildFile; fileRef = 8285F69C201C1A0700D0F682 /* ZXLUploadFileResultCenter.m */; };
		8285F6A1201C1A4A00D0F682 /* ZXLFileInfoModel.h in Headers */ = {isa = PBXBuildFile; fileRef = 8285F69F201C1A4A00D0F682 /* ZXLFileInfoModel.h */; settings = {ATTRIBUTES = (Public, ); }; };
		8285F6A2201C1A4A00D0F682 /* ZXLFileInfoModel.m in Sources */ = {isa = PBXBuildFile; fileRef = 8285F6A0201C1A4A00D0F682 /* ZXLFileInfoModel.m */; };
		8285F6A9201C1A9D00D0F682 /* ZXLTaskInfoModel.h in Headers */ = {isa = PBXBuildFile; fileRef = 8285F6A7201C1A9D00D0F682 /* ZXLTaskInfoModel.h */; settings = {ATTRIBUTES = (Public, ); }; };
		8285F6AA201C1A9D00D0F682 /* ZXLTaskInfoModel.m in Sources */ = {isa = PBXBuildFile; fileRef = 8285F6A8201C1A9D00D0F682 /* ZXLTaskInfoModel.m */; };
		828A67932021B58D0094CA92 /* ZXLVideoUtils.h in Headers */ = {isa = PBXBuildFile; fileRef = 828A67912021B58D0094CA92 /* ZXLVideoUtils.h */; settings = {ATTRIBUTES = (Public, ); }; };
		828A67942021B58D0094CA92 /* ZXLVideoUtils.m in Sources */ = {isa = PBXBuildFile; fileRef = 828A67922021B58D0094CA92 /* ZXLVideoUtils.m */; };
		828A679A202458990094CA92 /* ZXLUploadTaskManager.h in Headers */ = {isa = PBXBuildFile; fileRef = 828A6798202458990094CA92 /* ZXLUploadTaskManager.h */; settings = {ATTRIBUTES = (Public, ); }; };
		828A679B202458990094CA92 /* ZXLUploadTaskManager.m in Sources */ = {isa = PBXBuildFile; fileRef = 828A6799202458990094CA92 /* ZXLUploadTaskManager.m */; };
		828A679E2024595F0094CA92 /* ZXLUploadFileManager.h in Headers */ = {isa = PBXBuildFile; fileRef = 828A679C2024595F0094CA92 /* ZXLUploadFileManager.h */; settings = {ATTRIBUTES = (Public, ); }; };
		828A679F2024595F0094CA92 /* ZXLUploadFileManager.m in Sources */ = {isa = PBXBuildFile; fileRef = 828A679D2024595F0094CA92 /* ZXLUploadFileManager.m */; };
		828A67A32025B68D0094CA92 /* ZXLNetworkReachabilityManager.h in Headers */ = {isa = PBXBuildFile; fileRef = 828A67A12025B68D0094CA92 /* ZXLNetworkReachabilityManager.h */; settings = {ATTRIBUTES = (Public, ); }; };
		828A67A42025B68D0094CA92 /* ZXLNetworkReachabilityManager.m in Sources */ = {isa = PBXBuildFile; fileRef = 828A67A22025B68D0094CA92 /* ZXLNetworkReachabilityManager.m */; };
		828A67A72025BB210094CA92 /* ZXLNetworkManager.h in Headers */ = {isa = PBXBuildFile; fileRef = 828A67A52025BB210094CA92 /* ZXLNetworkManager.h */; settings = {ATTRIBUTES = (Public, ); }; };
		828A67A82025BB210094CA92 /* ZXLNetworkManager.m in Sources */ = {isa = PBXBuildFile; fileRef = 828A67A62025BB210094CA92 /* ZXLNetworkManager.m */; };
		829961C5204E913B0040FF16 /* ZXLTimer.h in Headers */ = {isa = PBXBuildFile; fileRef = 829961C3204E913B0040FF16 /* ZXLTimer.h */; settings = {ATTRIBUTES = (Public, ); }; };
		829961C6204E913B0040FF16 /* ZXLTimer.m in Sources */ = {isa = PBXBuildFile; fileRef = 829961C4204E913B0040FF16 /* ZXLTimer.m */; };
		829961C9204E95DE0040FF16 /* Photos.framework in Frameworks */ = {isa = PBXBuildFile; fileRef = 829961C8204E95DE0040FF16 /* Photos.framework */; };
		82B96E0720858925008ACDE3 /* ZXLPhotosUtils.h in Headers */ = {isa = PBXBuildFile; fileRef = 82B96E0520858925008ACDE3 /* ZXLPhotosUtils.h */; settings = {ATTRIBUTES = (Public, ); }; };
		82B96E0820858925008ACDE3 /* ZXLPhotosUtils.m in Sources */ = {isa = PBXBuildFile; fileRef = 82B96E0620858925008ACDE3 /* ZXLPhotosUtils.m */; };
		82C8DFEE207DE465006AF4DC /* ZXLSyncMutableArray.h in Headers */ = {isa = PBXBuildFile; fileRef = 82C8DFE6207DE464006AF4DC /* ZXLSyncMutableArray.h */; settings = {ATTRIBUTES = (Public, ); }; };
		82C8DFEF207DE465006AF4DC /* ZXLSyncMapTable.m in Sources */ = {isa = PBXBuildFile; fileRef = 82C8DFE7207DE465006AF4DC /* ZXLSyncMapTable.m */; };
		82C8DFF0207DE465006AF4DC /* ZXLSyncMutableArray.m in Sources */ = {isa = PBXBuildFile; fileRef = 82C8DFE8207DE465006AF4DC /* ZXLSyncMutableArray.m */; };
		82C8DFF1207DE465006AF4DC /* ZXLUploadUnifiedResponese.h in Headers */ = {isa = PBXBuildFile; fileRef = 82C8DFE9207DE465006AF4DC /* ZXLUploadUnifiedResponese.h */; settings = {ATTRIBUTES = (Public, ); }; };
		82C8DFF2207DE465006AF4DC /* ZXLSyncMutableDictionary.m in Sources */ = {isa = PBXBuildFile; fileRef = 82C8DFEA207DE465006AF4DC /* ZXLSyncMutableDictionary.m */; };
		82C8DFF3207DE465006AF4DC /* ZXLSyncMapTable.h in Headers */ = {isa = PBXBuildFile; fileRef = 82C8DFEB207DE465006AF4DC /* ZXLSyncMapTable.h */; settings = {ATTRIBUTES = (Public, ); }; };
		82C8DFF4207DE465006AF4DC /* ZXLUploadUnifiedResponese.m in Sources */ = {isa = PBXBuildFile; fileRef = 82C8DFEC207DE465006AF4DC /* ZXLUploadUnifiedResponese.m */; };
		82C8DFF5207DE465006AF4DC /* ZXLSyncMutableDictionary.h in Headers */ = {isa = PBXBuildFile; fileRef = 82C8DFED207DE465006AF4DC /* ZXLSyncMutableDictionary.h */; settings = {ATTRIBUTES = (Public, ); }; };
		82C8DFF8207DE5D8006AF4DC /* ZXLAliOSSManager.h in Headers */ = {isa = PBXBuildFile; fileRef = 82C8DFF6207DE5D8006AF4DC /* ZXLAliOSSManager.h */; settings = {ATTRIBUTES = (Public, ); }; };
		82C8DFF9207DE5D8006AF4DC /* ZXLAliOSSManager.m in Sources */ = {isa = PBXBuildFile; fileRef = 82C8DFF7207DE5D8006AF4DC /* ZXLAliOSSManager.m */; };
		82C8DFFB207DE627006AF4DC /* AliyunOSSiOS.framework in Frameworks */ = {isa = PBXBuildFile; fileRef = 82C8DFFA207DE627006AF4DC /* AliyunOSSiOS.framework */; };
		82C8DFFD207DEC43006AF4DC /* CoreTelephony.framework in Frameworks */ = {isa = PBXBuildFile; fileRef = 82C8DFFC207DEC43006AF4DC /* CoreTelephony.framework */; };
		82C8DFFF207DEC4B006AF4DC /* SystemConfiguration.framework in Frameworks */ = {isa = PBXBuildFile; fileRef = 82C8DFFE207DEC4B006AF4DC /* SystemConfiguration.framework */; };
/* End PBXBuildFile section */

/* Begin PBXFileReference section */
		825B607A20898BD800DD88F0 /* FMDB.framework */ = {isa = PBXFileReference; lastKnownFileType = wrapper.framework; name = FMDB.framework; path = ZXLUpload/FMDB.framework; sourceTree = "<group>"; };
		825B607C20898CF100DD88F0 /* ZXLUploadFmdb.h */ = {isa = PBXFileReference; lastKnownFileType = sourcecode.c.h; path = ZXLUploadFmdb.h; sourceTree = "<group>"; };
		825B607D20898CF100DD88F0 /* ZXLUploadFmdb.m */ = {isa = PBXFileReference; lastKnownFileType = sourcecode.c.objc; path = ZXLUploadFmdb.m; sourceTree = "<group>"; };
		8269E8BA201F191C002D540E /* ZXLDocumentUtils.h */ = {isa = PBXFileReference; lastKnownFileType = sourcecode.c.h; path = ZXLDocumentUtils.h; sourceTree = "<group>"; };
		8269E8BB201F191C002D540E /* ZXLDocumentUtils.m */ = {isa = PBXFileReference; lastKnownFileType = sourcecode.c.objc; path = ZXLDocumentUtils.m; sourceTree = "<group>"; };
		8269E8BE201F25C3002D540E /* ZXLFileUtils.h */ = {isa = PBXFileReference; lastKnownFileType = sourcecode.c.h; path = ZXLFileUtils.h; sourceTree = "<group>"; };
		8269E8BF201F25C3002D540E /* ZXLFileUtils.m */ = {isa = PBXFileReference; lastKnownFileType = sourcecode.c.objc; path = ZXLFileUtils.m; sourceTree = "<group>"; };
		8285F690201C196600D0F682 /* ZXLUpload.framework */ = {isa = PBXFileReference; explicitFileType = wrapper.framework; includeInIndex = 0; path = ZXLUpload.framework; sourceTree = BUILT_PRODUCTS_DIR; };
		8285F693201C196600D0F682 /* ZXLUpload.h */ = {isa = PBXFileReference; lastKnownFileType = sourcecode.c.h; path = ZXLUpload.h; sourceTree = "<group>"; };
		8285F694201C196600D0F682 /* Info.plist */ = {isa = PBXFileReference; lastKnownFileType = text.plist.xml; path = Info.plist; sourceTree = "<group>"; };
		8285F69B201C1A0700D0F682 /* ZXLUploadFileResultCenter.h */ = {isa = PBXFileReference; lastKnownFileType = sourcecode.c.h; path = ZXLUploadFileResultCenter.h; sourceTree = "<group>"; };
		8285F69C201C1A0700D0F682 /* ZXLUploadFileResultCenter.m */ = {isa = PBXFileReference; lastKnownFileType = sourcecode.c.objc; path = ZXLUploadFileResultCenter.m; sourceTree = "<group>"; };
		8285F69F201C1A4A00D0F682 /* ZXLFileInfoModel.h */ = {isa = PBXFileReference; lastKnownFileType = sourcecode.c.h; path = ZXLFileInfoModel.h; sourceTree = "<group>"; };
		8285F6A0201C1A4A00D0F682 /* ZXLFileInfoModel.m */ = {isa = PBXFileReference; lastKnownFileType = sourcecode.c.objc; path = ZXLFileInfoModel.m; sourceTree = "<group>"; };
		8285F6A7201C1A9D00D0F682 /* ZXLTaskInfoModel.h */ = {isa = PBXFileReference; lastKnownFileType = sourcecode.c.h; path = ZXLTaskInfoModel.h; sourceTree = "<group>"; };
		8285F6A8201C1A9D00D0F682 /* ZXLTaskInfoModel.m */ = {isa = PBXFileReference; lastKnownFileType = sourcecode.c.objc; path = ZXLTaskInfoModel.m; sourceTree = "<group>"; };
		828A67912021B58D0094CA92 /* ZXLVideoUtils.h */ = {isa = PBXFileReference; lastKnownFileType = sourcecode.c.h; path = ZXLVideoUtils.h; sourceTree = "<group>"; };
		828A67922021B58D0094CA92 /* ZXLVideoUtils.m */ = {isa = PBXFileReference; lastKnownFileType = sourcecode.c.objc; path = ZXLVideoUtils.m; sourceTree = "<group>"; };
		828A6798202458990094CA92 /* ZXLUploadTaskManager.h */ = {isa = PBXFileReference; lastKnownFileType = sourcecode.c.h; path = ZXLUploadTaskManager.h; sourceTree = "<group>"; };
		828A6799202458990094CA92 /* ZXLUploadTaskManager.m */ = {isa = PBXFileReference; lastKnownFileType = sourcecode.c.objc; path = ZXLUploadTaskManager.m; sourceTree = "<group>"; };
		828A679C2024595F0094CA92 /* ZXLUploadFileManager.h */ = {isa = PBXFileReference; lastKnownFileType = sourcecode.c.h; path = ZXLUploadFileManager.h; sourceTree = "<group>"; };
		828A679D2024595F0094CA92 /* ZXLUploadFileManager.m */ = {isa = PBXFileReference; lastKnownFileType = sourcecode.c.objc; path = ZXLUploadFileManager.m; sourceTree = "<group>"; };
		828A67A02024764D0094CA92 /* ZXLUploadDefine.h */ = {isa = PBXFileReference; lastKnownFileType = sourcecode.c.h; path = ZXLUploadDefine.h; sourceTree = "<group>"; };
		828A67A12025B68D0094CA92 /* ZXLNetworkReachabilityManager.h */ = {isa = PBXFileReference; lastKnownFileType = sourcecode.c.h; path = ZXLNetworkReachabilityManager.h; sourceTree = "<group>"; };
		828A67A22025B68D0094CA92 /* ZXLNetworkReachabilityManager.m */ = {isa = PBXFileReference; lastKnownFileType = sourcecode.c.objc; path = ZXLNetworkReachabilityManager.m; sourceTree = "<group>"; };
		828A67A52025BB210094CA92 /* ZXLNetworkManager.h */ = {isa = PBXFileReference; lastKnownFileType = sourcecode.c.h; path = ZXLNetworkManager.h; sourceTree = "<group>"; };
		828A67A62025BB210094CA92 /* ZXLNetworkManager.m */ = {isa = PBXFileReference; lastKnownFileType = sourcecode.c.objc; path = ZXLNetworkManager.m; sourceTree = "<group>"; };
		829961C3204E913B0040FF16 /* ZXLTimer.h */ = {isa = PBXFileReference; lastKnownFileType = sourcecode.c.h; path = ZXLTimer.h; sourceTree = "<group>"; };
		829961C4204E913B0040FF16 /* ZXLTimer.m */ = {isa = PBXFileReference; lastKnownFileType = sourcecode.c.objc; path = ZXLTimer.m; sourceTree = "<group>"; };
		829961C8204E95DE0040FF16 /* Photos.framework */ = {isa = PBXFileReference; lastKnownFileType = wrapper.framework; name = Photos.framework; path = System/Library/Frameworks/Photos.framework; sourceTree = SDKROOT; };
		82B96E0520858925008ACDE3 /* ZXLPhotosUtils.h */ = {isa = PBXFileReference; lastKnownFileType = sourcecode.c.h; path = ZXLPhotosUtils.h; sourceTree = "<group>"; };
		82B96E0620858925008ACDE3 /* ZXLPhotosUtils.m */ = {isa = PBXFileReference; lastKnownFileType = sourcecode.c.objc; path = ZXLPhotosUtils.m; sourceTree = "<group>"; };
		82C8DFE6207DE464006AF4DC /* ZXLSyncMutableArray.h */ = {isa = PBXFileReference; fileEncoding = 4; lastKnownFileType = sourcecode.c.h; path = ZXLSyncMutableArray.h; sourceTree = "<group>"; };
		82C8DFE7207DE465006AF4DC /* ZXLSyncMapTable.m */ = {isa = PBXFileReference; fileEncoding = 4; lastKnownFileType = sourcecode.c.objc; path = ZXLSyncMapTable.m; sourceTree = "<group>"; };
		82C8DFE8207DE465006AF4DC /* ZXLSyncMutableArray.m */ = {isa = PBXFileReference; fileEncoding = 4; lastKnownFileType = sourcecode.c.objc; path = ZXLSyncMutableArray.m; sourceTree = "<group>"; };
		82C8DFE9207DE465006AF4DC /* ZXLUploadUnifiedResponese.h */ = {isa = PBXFileReference; fileEncoding = 4; lastKnownFileType = sourcecode.c.h; path = ZXLUploadUnifiedResponese.h; sourceTree = "<group>"; };
		82C8DFEA207DE465006AF4DC /* ZXLSyncMutableDictionary.m */ = {isa = PBXFileReference; fileEncoding = 4; lastKnownFileType = sourcecode.c.objc; path = ZXLSyncMutableDictionary.m; sourceTree = "<group>"; };
		82C8DFEB207DE465006AF4DC /* ZXLSyncMapTable.h */ = {isa = PBXFileReference; fileEncoding = 4; lastKnownFileType = sourcecode.c.h; path = ZXLSyncMapTable.h; sourceTree = "<group>"; };
		82C8DFEC207DE465006AF4DC /* ZXLUploadUnifiedResponese.m */ = {isa = PBXFileReference; fileEncoding = 4; lastKnownFileType = sourcecode.c.objc; path = ZXLUploadUnifiedResponese.m; sourceTree = "<group>"; };
		82C8DFED207DE465006AF4DC /* ZXLSyncMutableDictionary.h */ = {isa = PBXFileReference; fileEncoding = 4; lastKnownFileType = sourcecode.c.h; path = ZXLSyncMutableDictionary.h; sourceTree = "<group>"; };
		82C8DFF6207DE5D8006AF4DC /* ZXLAliOSSManager.h */ = {isa = PBXFileReference; lastKnownFileType = sourcecode.c.h; path = ZXLAliOSSManager.h; sourceTree = "<group>"; };
		82C8DFF7207DE5D8006AF4DC /* ZXLAliOSSManager.m */ = {isa = PBXFileReference; lastKnownFileType = sourcecode.c.objc; path = ZXLAliOSSManager.m; sourceTree = "<group>"; };
		82C8DFFA207DE627006AF4DC /* AliyunOSSiOS.framework */ = {isa = PBXFileReference; lastKnownFileType = wrapper.framework; name = AliyunOSSiOS.framework; path = ZXLUpload/AliyunOSSiOS.framework; sourceTree = "<group>"; };
		82C8DFFC207DEC43006AF4DC /* CoreTelephony.framework */ = {isa = PBXFileReference; lastKnownFileType = wrapper.framework; name = CoreTelephony.framework; path = System/Library/Frameworks/CoreTelephony.framework; sourceTree = SDKROOT; };
		82C8DFFE207DEC4B006AF4DC /* SystemConfiguration.framework */ = {isa = PBXFileReference; lastKnownFileType = wrapper.framework; name = SystemConfiguration.framework; path = System/Library/Frameworks/SystemConfiguration.framework; sourceTree = SDKROOT; };
/* End PBXFileReference section */

/* Begin PBXFrameworksBuildPhase section */
		8285F68C201C196600D0F682 /* Frameworks */ = {
			isa = PBXFrameworksBuildPhase;
			buildActionMask = 2147483647;
			files = (
				82C8DFFF207DEC4B006AF4DC /* SystemConfiguration.framework in Frameworks */,
				82C8DFFD207DEC43006AF4DC /* CoreTelephony.framework in Frameworks */,
				82C8DFFB207DE627006AF4DC /* AliyunOSSiOS.framework in Frameworks */,
				825B607B20898BD800DD88F0 /* FMDB.framework in Frameworks */,
				829961C9204E95DE0040FF16 /* Photos.framework in Frameworks */,
			);
			runOnlyForDeploymentPostprocessing = 0;
		};
/* End PBXFrameworksBuildPhase section */

/* Begin PBXGroup section */
		8285F686201C196600D0F682 = {
			isa = PBXGroup;
			children = (
				8285F692201C196600D0F682 /* ZXLUpload */,
				8285F691201C196600D0F682 /* Products */,
				829961C7204E95DE0040FF16 /* Frameworks */,
			);
			sourceTree = "<group>";
		};
		8285F691201C196600D0F682 /* Products */ = {
			isa = PBXGroup;
			children = (
				8285F690201C196600D0F682 /* ZXLUpload.framework */,
			);
			name = Products;
			sourceTree = "<group>";
		};
		8285F692201C196600D0F682 /* ZXLUpload */ = {
			isa = PBXGroup;
			children = (
				8285F693201C196600D0F682 /* ZXLUpload.h */,
				828A67A02024764D0094CA92 /* ZXLUploadDefine.h */,
				8269E8BE201F25C3002D540E /* ZXLFileUtils.h */,
				8269E8BF201F25C3002D540E /* ZXLFileUtils.m */,
				825B607C20898CF100DD88F0 /* ZXLUploadFmdb.h */,
				825B607D20898CF100DD88F0 /* ZXLUploadFmdb.m */,
				82B96E0520858925008ACDE3 /* ZXLPhotosUtils.h */,
				82B96E0620858925008ACDE3 /* ZXLPhotosUtils.m */,
				828A67912021B58D0094CA92 /* ZXLVideoUtils.h */,
				828A67922021B58D0094CA92 /* ZXLVideoUtils.m */,
				8269E8BA201F191C002D540E /* ZXLDocumentUtils.h */,
				8269E8BB201F191C002D540E /* ZXLDocumentUtils.m */,
				8285F69B201C1A0700D0F682 /* ZXLUploadFileResultCenter.h */,
				8285F69C201C1A0700D0F682 /* ZXLUploadFileResultCenter.m */,
				8285F69F201C1A4A00D0F682 /* ZXLFileInfoModel.h */,
				8285F6A0201C1A4A00D0F682 /* ZXLFileInfoModel.m */,
				8285F6A7201C1A9D00D0F682 /* ZXLTaskInfoModel.h */,
				8285F6A8201C1A9D00D0F682 /* ZXLTaskInfoModel.m */,
				828A679C2024595F0094CA92 /* ZXLUploadFileManager.h */,
				828A679D2024595F0094CA92 /* ZXLUploadFileManager.m */,
				828A6798202458990094CA92 /* ZXLUploadTaskManager.h */,
				828A6799202458990094CA92 /* ZXLUploadTaskManager.m */,
				82C8DFE9207DE465006AF4DC /* ZXLUploadUnifiedResponese.h */,
				82C8DFEC207DE465006AF4DC /* ZXLUploadUnifiedResponese.m */,
				828A67A52025BB210094CA92 /* ZXLNetworkManager.h */,
				828A67A62025BB210094CA92 /* ZXLNetworkManager.m */,
				828A67A12025B68D0094CA92 /* ZXLNetworkReachabilityManager.h */,
				828A67A22025B68D0094CA92 /* ZXLNetworkReachabilityManager.m */,
				829961C3204E913B0040FF16 /* ZXLTimer.h */,
				829961C4204E913B0040FF16 /* ZXLTimer.m */,
				82C8DFEB207DE465006AF4DC /* ZXLSyncMapTable.h */,
				82C8DFE7207DE465006AF4DC /* ZXLSyncMapTable.m */,
				82C8DFE6207DE464006AF4DC /* ZXLSyncMutableArray.h */,
				82C8DFE8207DE465006AF4DC /* ZXLSyncMutableArray.m */,
				82C8DFED207DE465006AF4DC /* ZXLSyncMutableDictionary.h */,
				82C8DFEA207DE465006AF4DC /* ZXLSyncMutableDictionary.m */,
				82C8DFF6207DE5D8006AF4DC /* ZXLAliOSSManager.h */,
				82C8DFF7207DE5D8006AF4DC /* ZXLAliOSSManager.m */,
				8285F694201C196600D0F682 /* Info.plist */,
			);
			path = ZXLUpload;
			sourceTree = "<group>";
		};
		829961C7204E95DE0040FF16 /* Frameworks */ = {
			isa = PBXGroup;
			children = (
				825B607A20898BD800DD88F0 /* FMDB.framework */,
				82C8DFFE207DEC4B006AF4DC /* SystemConfiguration.framework */,
				82C8DFFC207DEC43006AF4DC /* CoreTelephony.framework */,
				82C8DFFA207DE627006AF4DC /* AliyunOSSiOS.framework */,
				829961C8204E95DE0040FF16 /* Photos.framework */,
			);
			name = Frameworks;
			sourceTree = "<group>";
		};
/* End PBXGroup section */

/* Begin PBXHeadersBuildPhase section */
		8285F68D201C196600D0F682 /* Headers */ = {
			isa = PBXHeadersBuildPhase;
			buildActionMask = 2147483647;
			files = (
				825B607E20898CF100DD88F0 /* ZXLUploadFmdb.h in Headers */,
				82B96E0720858925008ACDE3 /* ZXLPhotosUtils.h in Headers */,
				828A67A72025BB210094CA92 /* ZXLNetworkManager.h in Headers */,
				8269E8C0201F25C3002D540E /* ZXLFileUtils.h in Headers */,
				8285F69D201C1A0700D0F682 /* ZXLUploadFileResultCenter.h in Headers */,
				828A679A202458990094CA92 /* ZXLUploadTaskManager.h in Headers */,
				8285F695201C196600D0F682 /* ZXLUpload.h in Headers */,
				828A679E2024595F0094CA92 /* ZXLUploadFileManager.h in Headers */,
				82C8DFF1207DE465006AF4DC /* ZXLUploadUnifiedResponese.h in Headers */,
				8285F6A9201C1A9D00D0F682 /* ZXLTaskInfoModel.h in Headers */,
				828A67932021B58D0094CA92 /* ZXLVideoUtils.h in Headers */,
				8269E8BC201F191C002D540E /* ZXLDocumentUtils.h in Headers */,
				8285F6A1201C1A4A00D0F682 /* ZXLFileInfoModel.h in Headers */,
				82C8DFF5207DE465006AF4DC /* ZXLSyncMutableDictionary.h in Headers */,
				828A67A32025B68D0094CA92 /* ZXLNetworkReachabilityManager.h in Headers */,
				82C8DFEE207DE465006AF4DC /* ZXLSyncMutableArray.h in Headers */,
				82C8DFF3207DE465006AF4DC /* ZXLSyncMapTable.h in Headers */,
				829961C5204E913B0040FF16 /* ZXLTimer.h in Headers */,
				828504E4207E063200C754B0 /* ZXLUploadDefine.h in Headers */,
				82C8DFF8207DE5D8006AF4DC /* ZXLAliOSSManager.h in Headers */,
			);
			runOnlyForDeploymentPostprocessing = 0;
		};
/* End PBXHeadersBuildPhase section */

/* Begin PBXNativeTarget section */
		8285F68F201C196600D0F682 /* ZXLUpload */ = {
			isa = PBXNativeTarget;
			buildConfigurationList = 8285F698201C196600D0F682 /* Build configuration list for PBXNativeTarget "ZXLUpload" */;
			buildPhases = (
				8285F68B201C196600D0F682 /* Sources */,
				8285F68C201C196600D0F682 /* Frameworks */,
				8285F68D201C196600D0F682 /* Headers */,
				8285F68E201C196600D0F682 /* Resources */,
			);
			buildRules = (
			);
			dependencies = (
			);
			name = ZXLUpload;
			productName = ZXLUpload;
			productReference = 8285F690201C196600D0F682 /* ZXLUpload.framework */;
			productType = "com.apple.product-type.framework";
		};
/* End PBXNativeTarget section */

/* Begin PBXProject section */
		8285F687201C196600D0F682 /* Project object */ = {
			isa = PBXProject;
			attributes = {
				LastUpgradeCheck = 0930;
				ORGANIZATIONNAME = "张小龙";
				TargetAttributes = {
					8285F68F201C196600D0F682 = {
						CreatedOnToolsVersion = 9.2;
						ProvisioningStyle = Automatic;
					};
				};
			};
			buildConfigurationList = 8285F68A201C196600D0F682 /* Build configuration list for PBXProject "ZXLUpload" */;
			compatibilityVersion = "Xcode 8.0";
			developmentRegion = en;
			hasScannedForEncodings = 0;
			knownRegions = (
				en,
			);
			mainGroup = 8285F686201C196600D0F682;
			productRefGroup = 8285F691201C196600D0F682 /* Products */;
			projectDirPath = "";
			projectRoot = "";
			targets = (
				8285F68F201C196600D0F682 /* ZXLUpload */,
			);
		};
/* End PBXProject section */

/* Begin PBXResourcesBuildPhase section */
		8285F68E201C196600D0F682 /* Resources */ = {
			isa = PBXResourcesBuildPhase;
			buildActionMask = 2147483647;
			files = (
			);
			runOnlyForDeploymentPostprocessing = 0;
		};
/* End PBXResourcesBuildPhase section */

/* Begin PBXSourcesBuildPhase section */
		8285F68B201C196600D0F682 /* Sources */ = {
			isa = PBXSourcesBuildPhase;
			buildActionMask = 2147483647;
			files = (
				828A67942021B58D0094CA92 /* ZXLVideoUtils.m in Sources */,
				82C8DFF9207DE5D8006AF4DC /* ZXLAliOSSManager.m in Sources */,
				82C8DFEF207DE465006AF4DC /* ZXLSyncMapTable.m in Sources */,
				82C8DFF0207DE465006AF4DC /* ZXLSyncMutableArray.m in Sources */,
				828A679B202458990094CA92 /* ZXLUploadTaskManager.m in Sources */,
				829961C6204E913B0040FF16 /* ZXLTimer.m in Sources */,
				8269E8C1201F25C3002D540E /* ZXLFileUtils.m in Sources */,
				82C8DFF4207DE465006AF4DC /* ZXLUploadUnifiedResponese.m in Sources */,
				825B607F20898CF100DD88F0 /* ZXLUploadFmdb.m in Sources */,
				82C8DFF2207DE465006AF4DC /* ZXLSyncMutableDictionary.m in Sources */,
				82B96E0820858925008ACDE3 /* ZXLPhotosUtils.m in Sources */,
				828A67A82025BB210094CA92 /* ZXLNetworkManager.m in Sources */,
				8269E8BD201F191C002D540E /* ZXLDocumentUtils.m in Sources */,
				8285F6A2201C1A4A00D0F682 /* ZXLFileInfoModel.m in Sources */,
				8285F69E201C1A0700D0F682 /* ZXLUploadFileResultCenter.m in Sources */,
				8285F6AA201C1A9D00D0F682 /* ZXLTaskInfoModel.m in Sources */,
				828A679F2024595F0094CA92 /* ZXLUploadFileManager.m in Sources */,
				828A67A42025B68D0094CA92 /* ZXLNetworkReachabilityManager.m in Sources */,
			);
			runOnlyForDeploymentPostprocessing = 0;
		};
/* End PBXSourcesBuildPhase section */

/* Begin XCBuildConfiguration section */
		8285F696201C196600D0F682 /* Debug */ = {
			isa = XCBuildConfiguration;
			buildSettings = {
				ALWAYS_SEARCH_USER_PATHS = NO;
				CLANG_ANALYZER_NONNULL = YES;
				CLANG_ANALYZER_NUMBER_OBJECT_CONVERSION = YES_AGGRESSIVE;
				CLANG_CXX_LANGUAGE_STANDARD = "gnu++14";
				CLANG_CXX_LIBRARY = "libc++";
				CLANG_ENABLE_MODULES = YES;
				CLANG_ENABLE_OBJC_ARC = YES;
				CLANG_WARN_BLOCK_CAPTURE_AUTORELEASING = YES;
				CLANG_WARN_BOOL_CONVERSION = YES;
				CLANG_WARN_COMMA = YES;
				CLANG_WARN_CONSTANT_CONVERSION = YES;
				CLANG_WARN_DEPRECATED_OBJC_IMPLEMENTATIONS = YES;
				CLANG_WARN_DIRECT_OBJC_ISA_USAGE = YES_ERROR;
				CLANG_WARN_DOCUMENTATION_COMMENTS = YES;
				CLANG_WARN_EMPTY_BODY = YES;
				CLANG_WARN_ENUM_CONVERSION = YES;
				CLANG_WARN_INFINITE_RECURSION = YES;
				CLANG_WARN_INT_CONVERSION = YES;
				CLANG_WARN_NON_LITERAL_NULL_CONVERSION = YES;
				CLANG_WARN_OBJC_IMPLICIT_RETAIN_SELF = YES;
				CLANG_WARN_OBJC_LITERAL_CONVERSION = YES;
				CLANG_WARN_OBJC_ROOT_CLASS = YES_ERROR;
				CLANG_WARN_RANGE_LOOP_ANALYSIS = YES;
				CLANG_WARN_STRICT_PROTOTYPES = YES;
				CLANG_WARN_SUSPICIOUS_MOVE = YES;
				CLANG_WARN_UNGUARDED_AVAILABILITY = YES_AGGRESSIVE;
				CLANG_WARN_UNREACHABLE_CODE = YES;
				CLANG_WARN__DUPLICATE_METHOD_MATCH = YES;
				CODE_SIGN_IDENTITY = "iPhone Developer";
				COPY_PHASE_STRIP = NO;
				CURRENT_PROJECT_VERSION = 1;
				DEBUG_INFORMATION_FORMAT = dwarf;
				ENABLE_STRICT_OBJC_MSGSEND = YES;
				ENABLE_TESTABILITY = YES;
				GCC_C_LANGUAGE_STANDARD = gnu11;
				GCC_DYNAMIC_NO_PIC = NO;
				GCC_NO_COMMON_BLOCKS = YES;
				GCC_OPTIMIZATION_LEVEL = 0;
				GCC_PREPROCESSOR_DEFINITIONS = (
					"DEBUG=1",
					"$(inherited)",
				);
				GCC_WARN_64_TO_32_BIT_CONVERSION = YES;
				GCC_WARN_ABOUT_RETURN_TYPE = YES_ERROR;
				GCC_WARN_UNDECLARED_SELECTOR = YES;
				GCC_WARN_UNINITIALIZED_AUTOS = YES_AGGRESSIVE;
				GCC_WARN_UNUSED_FUNCTION = YES;
				GCC_WARN_UNUSED_VARIABLE = YES;
				IPHONEOS_DEPLOYMENT_TARGET = 11.2;
				MTL_ENABLE_DEBUG_INFO = YES;
				ONLY_ACTIVE_ARCH = YES;
				SDKROOT = iphoneos;
				VERSIONING_SYSTEM = "apple-generic";
				VERSION_INFO_PREFIX = "";
			};
			name = Debug;
		};
		8285F697201C196600D0F682 /* Release */ = {
			isa = XCBuildConfiguration;
			buildSettings = {
				ALWAYS_SEARCH_USER_PATHS = NO;
				CLANG_ANALYZER_NONNULL = YES;
				CLANG_ANALYZER_NUMBER_OBJECT_CONVERSION = YES_AGGRESSIVE;
				CLANG_CXX_LANGUAGE_STANDARD = "gnu++14";
				CLANG_CXX_LIBRARY = "libc++";
				CLANG_ENABLE_MODULES = YES;
				CLANG_ENABLE_OBJC_ARC = YES;
				CLANG_WARN_BLOCK_CAPTURE_AUTORELEASING = YES;
				CLANG_WARN_BOOL_CONVERSION = YES;
				CLANG_WARN_COMMA = YES;
				CLANG_WARN_CONSTANT_CONVERSION = YES;
				CLANG_WARN_DEPRECATED_OBJC_IMPLEMENTATIONS = YES;
				CLANG_WARN_DIRECT_OBJC_ISA_USAGE = YES_ERROR;
				CLANG_WARN_DOCUMENTATION_COMMENTS = YES;
				CLANG_WARN_EMPTY_BODY = YES;
				CLANG_WARN_ENUM_CONVERSION = YES;
				CLANG_WARN_INFINITE_RECURSION = YES;
				CLANG_WARN_INT_CONVERSION = YES;
				CLANG_WARN_NON_LITERAL_NULL_CONVERSION = YES;
				CLANG_WARN_OBJC_IMPLICIT_RETAIN_SELF = YES;
				CLANG_WARN_OBJC_LITERAL_CONVERSION = YES;
				CLANG_WARN_OBJC_ROOT_CLASS = YES_ERROR;
				CLANG_WARN_RANGE_LOOP_ANALYSIS = YES;
				CLANG_WARN_STRICT_PROTOTYPES = YES;
				CLANG_WARN_SUSPICIOUS_MOVE = YES;
				CLANG_WARN_UNGUARDED_AVAILABILITY = YES_AGGRESSIVE;
				CLANG_WARN_UNREACHABLE_CODE = YES;
				CLANG_WARN__DUPLICATE_METHOD_MATCH = YES;
				CODE_SIGN_IDENTITY = "iPhone Developer";
				COPY_PHASE_STRIP = NO;
				CURRENT_PROJECT_VERSION = 1;
				DEBUG_INFORMATION_FORMAT = "dwarf-with-dsym";
				ENABLE_NS_ASSERTIONS = NO;
				ENABLE_STRICT_OBJC_MSGSEND = YES;
				GCC_C_LANGUAGE_STANDARD = gnu11;
				GCC_NO_COMMON_BLOCKS = YES;
				GCC_WARN_64_TO_32_BIT_CONVERSION = YES;
				GCC_WARN_ABOUT_RETURN_TYPE = YES_ERROR;
				GCC_WARN_UNDECLARED_SELECTOR = YES;
				GCC_WARN_UNINITIALIZED_AUTOS = YES_AGGRESSIVE;
				GCC_WARN_UNUSED_FUNCTION = YES;
				GCC_WARN_UNUSED_VARIABLE = YES;
				IPHONEOS_DEPLOYMENT_TARGET = 11.2;
				MTL_ENABLE_DEBUG_INFO = NO;
				SDKROOT = iphoneos;
				VALIDATE_PRODUCT = YES;
				VERSIONING_SYSTEM = "apple-generic";
				VERSION_INFO_PREFIX = "";
			};
			name = Release;
		};
		8285F699201C196600D0F682 /* Debug */ = {
			isa = XCBuildConfiguration;
			buildSettings = {
				CLANG_ALLOW_NON_MODULAR_INCLUDES_IN_FRAMEWORK_MODULES = YES;
				CODE_SIGN_IDENTITY = "";
				CODE_SIGN_STYLE = Automatic;
				DEAD_CODE_STRIPPING = NO;
				DEFINES_MODULE = YES;
				DEVELOPMENT_TEAM = 3EZVVYFZCE;
				DYLIB_COMPATIBILITY_VERSION = 1;
				DYLIB_CURRENT_VERSION = 1;
				DYLIB_INSTALL_NAME_BASE = "@rpath";
				FRAMEWORK_SEARCH_PATHS = (
					"$(inherited)",
					"$(PROJECT_DIR)/ZXLUpload",
				);
				INFOPLIST_FILE = ZXLUpload/Info.plist;
				INSTALL_PATH = "$(LOCAL_LIBRARY_DIR)/Frameworks";
				IPHONEOS_DEPLOYMENT_TARGET = 8.0;
				LD_RUNPATH_SEARCH_PATHS = "$(inherited) @executable_path/Frameworks @loader_path/Frameworks";
				LINK_WITH_STANDARD_LIBRARIES = NO;
				MACH_O_TYPE = staticlib;
				ONLY_ACTIVE_ARCH = NO;
				PRODUCT_BUNDLE_IDENTIFIER = com.jlb.tool.ZXLUpload;
				PRODUCT_NAME = "$(TARGET_NAME:c99extidentifier)";
				SKIP_INSTALL = YES;
				TARGETED_DEVICE_FAMILY = "1,2";
			};
			name = Debug;
		};
		8285F69A201C196600D0F682 /* Release */ = {
			isa = XCBuildConfiguration;
			buildSettings = {
				CLANG_ALLOW_NON_MODULAR_INCLUDES_IN_FRAMEWORK_MODULES = YES;
				CODE_SIGN_IDENTITY = "";
				CODE_SIGN_STYLE = Automatic;
				DEAD_CODE_STRIPPING = NO;
				DEFINES_MODULE = YES;
				DEVELOPMENT_TEAM = 3EZVVYFZCE;
				DYLIB_COMPATIBILITY_VERSION = 1;
				DYLIB_CURRENT_VERSION = 1;
				DYLIB_INSTALL_NAME_BASE = "@rpath";
				FRAMEWORK_SEARCH_PATHS = (
					"$(inherited)",
					"$(PROJECT_DIR)/ZXLUpload",
				);
				INFOPLIST_FILE = ZXLUpload/Info.plist;
				INSTALL_PATH = "$(LOCAL_LIBRARY_DIR)/Frameworks";
				IPHONEOS_DEPLOYMENT_TARGET = 8.0;
				LD_RUNPATH_SEARCH_PATHS = "$(inherited) @executable_path/Frameworks @loader_path/Frameworks";
				LINK_WITH_STANDARD_LIBRARIES = NO;
				MACH_O_TYPE = staticlib;
				ONLY_ACTIVE_ARCH = NO;
				PRODUCT_BUNDLE_IDENTIFIER = com.jlb.tool.ZXLUpload;
				PRODUCT_NAME = "$(TARGET_NAME:c99extidentifier)";
				SKIP_INSTALL = YES;
				TARGETED_DEVICE_FAMILY = "1,2";
			};
			name = Release;
		};
/* End XCBuildConfiguration section */

/* Begin XCConfigurationList section */
		8285F68A201C196600D0F682 /* Build configuration list for PBXProject "ZXLUpload" */ = {
			isa = XCConfigurationList;
			buildConfigurations = (
				8285F696201C196600D0F682 /* Debug */,
				8285F697201C196600D0F682 /* Release */,
			);
			defaultConfigurationIsVisible = 0;
			defaultConfigurationName = Release;
		};
		8285F698201C196600D0F682 /* Build configuration list for PBXNativeTarget "ZXLUpload" */ = {
			isa = XCConfigurationList;
			buildConfigurations = (
				8285F699201C196600D0F682 /* Debug */,
				8285F69A201C196600D0F682 /* Release */,
			);
			defaultConfigurationIsVisible = 0;
			defaultConfigurationName = Release;
		};
/* End XCConfigurationList section */
	};
	rootObject = 8285F687201C196600D0F682 /* Project object */;
}
